
Microsoft Visual Studio Solution File, Format Version 12.00
# Visual Studio Version 16
VisualStudioVersion = 16.0.31624.102
MinimumVisualStudioVersion = 10.0.40219.1
Project("{2150E333-8FDC-42A3-9474-1A3956D46DE8}") = "src", "src", "{3FEF69C7-0F5F-4AE5-ACAE-6D4A9CA85E8C}"
EndProject
Project("{2150E333-8FDC-42A3-9474-1A3956D46DE8}") = "Building Blocks", "Building Blocks", "{39C02969-2BE2-42E5-9511-0720368304CB}"
EndProject
Project("{2150E333-8FDC-42A3-9474-1A3956D46DE8}") = "Services", "Services", "{B33587D1-2365-4E0B-AD34-81BC37133551}"
EndProject
Project("{2150E333-8FDC-42A3-9474-1A3956D46DE8}") = "Web", "Web", "{BE08349F-721C-42E9-84DA-D7B41C21784B}"
EndProject
Project("{2150E333-8FDC-42A3-9474-1A3956D46DE8}") = "Identidade", "Identidade", "{43464F23-70F8-4E55-A1F1-72D834CAE1E2}"
EndProject
Project("{FAE04EC0-301F-11D3-BF4B-00C04F79EFBC}") = "NSE.Identidade.API", "src\services\NSE.Identidade.API\NSE.Identidade.API.csproj", "{A85749E5-BF35-4AB5-B23A-7F8105DF2AFE}"
EndProject
Project("{2150E333-8FDC-42A3-9474-1A3956D46DE8}") = "MVC", "MVC", "{C94C4A7E-7DF0-4491-8090-B67EB34A3826}"
EndProject
Project("{FAE04EC0-301F-11D3-BF4B-00C04F79EFBC}") = "NSE.WebApp.MVC", "src\web\NSE.WebApp.MVC\NSE.WebApp.MVC.csproj", "{2E7FDC54-FF6C-4D2E-8A32-5286A6E418FE}"
EndProject
Project("{2150E333-8FDC-42A3-9474-1A3956D46DE8}") = "Core", "Core", "{26F67F90-DBDF-4297-A5BD-7B58D9721310}"
EndProject
Project("{FAE04EC0-301F-11D3-BF4B-00C04F79EFBC}") = "NSE.Core", "src\building blocks\NSE.Core\NSE.Core.csproj", "{E1A07A61-D50F-4F00-A9DA-FED430A6C288}"
EndProject
Project("{2150E333-8FDC-42A3-9474-1A3956D46DE8}") = "Carrinho", "Carrinho", "{B6BFC05E-03FB-4196-ACC7-D7B57424354C}"
EndProject
Project("{FAE04EC0-301F-11D3-BF4B-00C04F79EFBC}") = "NSE.Carrinho.API", "src\services\NSE.Carrinho.API\NSE.Carrinho.API.csproj", "{93D36052-8D5A-4C1C-A6A0-EAF21FCD3D59}"
EndProject
Project("{2150E333-8FDC-42A3-9474-1A3956D46DE8}") = "Catalogo", "Catalogo", "{AFF4E89C-E0D9-4470-B2A9-A930DB224954}"
EndProject
Project("{FAE04EC0-301F-11D3-BF4B-00C04F79EFBC}") = "NSE.Catalogo.API", "src\services\NSE.Catalogo.API\NSE.Catalogo.API.csproj", "{7834A4A8-567D-44E1-B003-331B2B90AA91}"
EndProject
Project("{2150E333-8FDC-42A3-9474-1A3956D46DE8}") = "Cliente", "Cliente", "{8AAB2C1F-E24C-4D2D-9857-B164522CF459}"
EndProject
Project("{FAE04EC0-301F-11D3-BF4B-00C04F79EFBC}") = "NSE.Cliente.API", "src\services\NSE.Cliente.API\NSE.Cliente.API.csproj", "{860FE660-EAAA-4EB3-9AA2-78CA67507E43}"
EndProject
Project("{2150E333-8FDC-42A3-9474-1A3956D46DE8}") = "Pagamento", "Pagamento", "{78CAF37B-A84C-4FB4-AEBB-91A6A7753701}"
EndProject
Project("{FAE04EC0-301F-11D3-BF4B-00C04F79EFBC}") = "NSE.Pagamento.API", "src\services\NSE.Pagamento.API\NSE.Pagamento.API.csproj", "{E78A076E-75D5-428D-8556-100AE67D19B6}"
EndProject
Project("{2150E333-8FDC-42A3-9474-1A3956D46DE8}") = "Pedido", "Pedido", "{6DBED01F-B796-4189-B827-E970C216EC52}"
EndProject
Project("{FAE04EC0-301F-11D3-BF4B-00C04F79EFBC}") = "NSE.Pedido.API", "src\services\NSE.Pedido.API\NSE.Pedido.API.csproj", "{8B44E517-F73B-4CB6-845F-FE41F23A5C3C}"
EndProject
Global
	GlobalSection(SolutionConfigurationPlatforms) = preSolution
		Debug|Any CPU = Debug|Any CPU
		Release|Any CPU = Release|Any CPU
	EndGlobalSection
	GlobalSection(ProjectConfigurationPlatforms) = postSolution
		{A85749E5-BF35-4AB5-B23A-7F8105DF2AFE}.Debug|Any CPU.ActiveCfg = Debug|Any CPU
		{A85749E5-BF35-4AB5-B23A-7F8105DF2AFE}.Debug|Any CPU.Build.0 = Debug|Any CPU
		{A85749E5-BF35-4AB5-B23A-7F8105DF2AFE}.Release|Any CPU.ActiveCfg = Release|Any CPU
		{A85749E5-BF35-4AB5-B23A-7F8105DF2AFE}.Release|Any CPU.Build.0 = Release|Any CPU
		{2E7FDC54-FF6C-4D2E-8A32-5286A6E418FE}.Debug|Any CPU.ActiveCfg = Debug|Any CPU
		{2E7FDC54-FF6C-4D2E-8A32-5286A6E418FE}.Debug|Any CPU.Build.0 = Debug|Any CPU
		{2E7FDC54-FF6C-4D2E-8A32-5286A6E418FE}.Release|Any CPU.ActiveCfg = Release|Any CPU
		{2E7FDC54-FF6C-4D2E-8A32-5286A6E418FE}.Release|Any CPU.Build.0 = Release|Any CPU
		{E1A07A61-D50F-4F00-A9DA-FED430A6C288}.Debug|Any CPU.ActiveCfg = Debug|Any CPU
		{E1A07A61-D50F-4F00-A9DA-FED430A6C288}.Debug|Any CPU.Build.0 = Debug|Any CPU
		{E1A07A61-D50F-4F00-A9DA-FED430A6C288}.Release|Any CPU.ActiveCfg = Release|Any CPU
		{E1A07A61-D50F-4F00-A9DA-FED430A6C288}.Release|Any CPU.Build.0 = Release|Any CPU
		{93D36052-8D5A-4C1C-A6A0-EAF21FCD3D59}.Debug|Any CPU.ActiveCfg = Debug|Any CPU
		{93D36052-8D5A-4C1C-A6A0-EAF21FCD3D59}.Debug|Any CPU.Build.0 = Debug|Any CPU
		{93D36052-8D5A-4C1C-A6A0-EAF21FCD3D59}.Release|Any CPU.ActiveCfg = Release|Any CPU
		{93D36052-8D5A-4C1C-A6A0-EAF21FCD3D59}.Release|Any CPU.Build.0 = Release|Any CPU
		{7834A4A8-567D-44E1-B003-331B2B90AA91}.Debug|Any CPU.ActiveCfg = Debug|Any CPU
		{7834A4A8-567D-44E1-B003-331B2B90AA91}.Debug|Any CPU.Build.0 = Debug|Any CPU
		{7834A4A8-567D-44E1-B003-331B2B90AA91}.Release|Any CPU.ActiveCfg = Release|Any CPU
		{7834A4A8-567D-44E1-B003-331B2B90AA91}.Release|Any CPU.Build.0 = Release|Any CPU
		{860FE660-EAAA-4EB3-9AA2-78CA67507E43}.Debug|Any CPU.ActiveCfg = Debug|Any CPU
		{860FE660-EAAA-4EB3-9AA2-78CA67507E43}.Debug|Any CPU.Build.0 = Debug|Any CPU
		{860FE660-EAAA-4EB3-9AA2-78CA67507E43}.Release|Any CPU.ActiveCfg = Release|Any CPU
		{860FE660-EAAA-4EB3-9AA2-78CA67507E43}.Release|Any CPU.Build.0 = Release|Any CPU
		{E78A076E-75D5-428D-8556-100AE67D19B6}.Debug|Any CPU.ActiveCfg = Debug|Any CPU
		{E78A076E-75D5-428D-8556-100AE67D19B6}.Debug|Any CPU.Build.0 = Debug|Any CPU
		{E78A076E-75D5-428D-8556-100AE67D19B6}.Release|Any CPU.ActiveCfg = Release|Any CPU
		{E78A076E-75D5-428D-8556-100AE67D19B6}.Release|Any CPU.Build.0 = Release|Any CPU
		{8B44E517-F73B-4CB6-845F-FE41F23A5C3C}.Debug|Any CPU.ActiveCfg = Debug|Any CPU
		{8B44E517-F73B-4CB6-845F-FE41F23A5C3C}.Debug|Any CPU.Build.0 = Debug|Any CPU
		{8B44E517-F73B-4CB6-845F-FE41F23A5C3C}.Release|Any CPU.ActiveCfg = Release|Any CPU
		{8B44E517-F73B-4CB6-845F-FE41F23A5C3C}.Release|Any CPU.Build.0 = Release|Any CPU
	EndGlobalSection
	GlobalSection(SolutionProperties) = preSolution
		HideSolutionNode = FALSE
	EndGlobalSection
	GlobalSection(NestedProjects) = preSolution
		{39C02969-2BE2-42E5-9511-0720368304CB} = {3FEF69C7-0F5F-4AE5-ACAE-6D4A9CA85E8C}
		{B33587D1-2365-4E0B-AD34-81BC37133551} = {3FEF69C7-0F5F-4AE5-ACAE-6D4A9CA85E8C}
		{BE08349F-721C-42E9-84DA-D7B41C21784B} = {3FEF69C7-0F5F-4AE5-ACAE-6D4A9CA85E8C}
		{43464F23-70F8-4E55-A1F1-72D834CAE1E2} = {B33587D1-2365-4E0B-AD34-81BC37133551}
		{A85749E5-BF35-4AB5-B23A-7F8105DF2AFE} = {43464F23-70F8-4E55-A1F1-72D834CAE1E2}
		{C94C4A7E-7DF0-4491-8090-B67EB34A3826} = {BE08349F-721C-42E9-84DA-D7B41C21784B}
		{2E7FDC54-FF6C-4D2E-8A32-5286A6E418FE} = {C94C4A7E-7DF0-4491-8090-B67EB34A3826}
		{26F67F90-DBDF-4297-A5BD-7B58D9721310} = {39C02969-2BE2-42E5-9511-0720368304CB}
		{E1A07A61-D50F-4F00-A9DA-FED430A6C288} = {26F67F90-DBDF-4297-A5BD-7B58D9721310}
		{B6BFC05E-03FB-4196-ACC7-D7B57424354C} = {B33587D1-2365-4E0B-AD34-81BC37133551}
		{93D36052-8D5A-4C1C-A6A0-EAF21FCD3D59} = {B6BFC05E-03FB-4196-ACC7-D7B57424354C}
		{AFF4E89C-E0D9-4470-B2A9-A930DB224954} = {B33587D1-2365-4E0B-AD34-81BC37133551}
		{7834A4A8-567D-44E1-B003-331B2B90AA91} = {AFF4E89C-E0D9-4470-B2A9-A930DB224954}
		{8AAB2C1F-E24C-4D2D-9857-B164522CF459} = {B33587D1-2365-4E0B-AD34-81BC37133551}
		{860FE660-EAAA-4EB3-9AA2-78CA67507E43} = {8AAB2C1F-E24C-4D2D-9857-B164522CF459}
		{78CAF37B-A84C-4FB4-AEBB-91A6A7753701} = {B33587D1-2365-4E0B-AD34-81BC37133551}
		{E78A076E-75D5-428D-8556-100AE67D19B6} = {78CAF37B-A84C-4FB4-AEBB-91A6A7753701}
		{6DBED01F-B796-4189-B827-E970C216EC52} = {B33587D1-2365-4E0B-AD34-81BC37133551}
		{8B44E517-F73B-4CB6-845F-FE41F23A5C3C} = {6DBED01F-B796-4189-B827-E970C216EC52}
	EndGlobalSection
	GlobalSection(ExtensibilityGlobals) = postSolution
		SolutionGuid = {62FD0F3F-06CB-474F-B2B0-8FF9F80C1B15}
	EndGlobalSection
EndGlobal
